{
  "version": 4,
  "terraform_version": "1.8.3",
  "serial": 146,
  "lineage": "89d30a70-4bc6-c859-e942-6a5add6366df",
  "outputs": {},
  "resources": [
    {
      "mode": "data",
      "type": "azurerm_resource_group",
      "name": "existing",
      "provider": "provider[\"registry.terraform.io/hashicorp/azurerm\"]",
      "instances": [
        {
          "schema_version": 0,
          "attributes": {
            "id": "/subscriptions/41e50375-b926-4bc4-9045-348f359cf721/resourceGroups/iede_adu-rg",
            "location": "westeurope",
            "name": "iede_adu-rg",
            "tags": {
              "Pillar": "Innovative Tech",
              "Role": "Futures",
              "Tier": "Personal",
              "Usage": "Training / Certification related activities"
            },
            "timeouts": null
          },
          "sensitive_attributes": []
        }
      ]
    },
    {
      "mode": "managed",
      "type": "azurerm_network_interface",
      "name": "az_ni",
      "provider": "provider[\"registry.terraform.io/hashicorp/azurerm\"]",
      "instances": [
        {
          "index_key": "vm3",
          "schema_version": 0,
          "attributes": {
            "applied_dns_servers": [],
            "dns_servers": [],
            "edge_zone": "",
            "enable_accelerated_networking": false,
            "enable_ip_forwarding": false,
            "id": "/subscriptions/41e50375-b926-4bc4-9045-348f359cf721/resourceGroups/iede_adu-rg/providers/Microsoft.Network/networkInterfaces/Acceptance-ni",
            "internal_dns_name_label": "",
            "internal_domain_name_suffix": "v2sacxt2sv0ehl0q2qqc5oxwxg.ax.internal.cloudapp.net",
            "ip_configuration": [
              {
                "gateway_load_balancer_frontend_ip_configuration_id": "",
                "name": "internal",
                "primary": true,
                "private_ip_address": "10.123.1.6",
                "private_ip_address_allocation": "Dynamic",
                "private_ip_address_version": "IPv4",
                "public_ip_address_id": "/subscriptions/41e50375-b926-4bc4-9045-348f359cf721/resourceGroups/iede_adu-rg/providers/Microsoft.Network/publicIPAddresses/Acceptance-ip",
                "subnet_id": "/subscriptions/41e50375-b926-4bc4-9045-348f359cf721/resourceGroups/iede_adu-rg/providers/Microsoft.Network/virtualNetworks/iede_adu-rg-vnet/subnets/iede_adu-rg-subnet"
              }
            ],
            "location": "westeurope",
            "mac_address": "00-22-48-85-C0-3D",
            "name": "Acceptance-ni",
            "private_ip_address": "10.123.1.6",
            "private_ip_addresses": [
              "10.123.1.6"
            ],
            "resource_group_name": "iede_adu-rg",
            "tags": {
              "Pillar": "Innovative Tech",
              "Role": "Futures",
              "Usage": "Training / Certification related activities"
            },
            "timeouts": null,
            "virtual_machine_id": "/subscriptions/41e50375-b926-4bc4-9045-348f359cf721/resourceGroups/iede_adu-rg/providers/Microsoft.Compute/virtualMachines/Acceptance"
          },
          "sensitive_attributes": [],
          "private": "eyJlMmJmYjczMC1lY2FhLTExZTYtOGY4OC0zNDM2M2JjN2M0YzAiOnsiY3JlYXRlIjoxODAwMDAwMDAwMDAwLCJkZWxldGUiOjE4MDAwMDAwMDAwMDAsInJlYWQiOjMwMDAwMDAwMDAwMCwidXBkYXRlIjoxODAwMDAwMDAwMDAwfX0=",
          "dependencies": [
            "azurerm_public_ip.az_ip",
            "azurerm_subnet.az_sn",
            "azurerm_virtual_network.az_vn",
            "data.azurerm_resource_group.existing"
          ]
        }
      ]
    },
    {
      "mode": "managed",
      "type": "azurerm_public_ip",
      "name": "az_ip",
      "provider": "provider[\"registry.terraform.io/hashicorp/azurerm\"]",
      "instances": [
        {
          "index_key": "vm1",
          "schema_version": 0,
          "attributes": {
            "allocation_method": "Dynamic",
            "domain_name_label": null,
            "edge_zone": "",
            "fqdn": null,
            "id": "/subscriptions/41e50375-b926-4bc4-9045-348f359cf721/resourceGroups/iede_adu-rg/providers/Microsoft.Network/publicIPAddresses/Testing-ip",
            "idle_timeout_in_minutes": 4,
            "ip_address": "108.143.7.159",
            "ip_tags": {},
            "ip_version": "IPv4",
            "location": "westeurope",
            "name": "Testing-ip",
            "public_ip_prefix_id": null,
            "resource_group_name": "iede_adu-rg",
            "reverse_fqdn": null,
            "sku": "Basic",
            "sku_tier": "Regional",
            "tags": {
              "Pillar": "Innovative Tech",
              "Role": "Futures",
              "Usage": "Training / Certification related activities",
              "environment": "dev"
            },
            "timeouts": null,
            "zones": []
          },
          "sensitive_attributes": [],
          "private": "eyJlMmJmYjczMC1lY2FhLTExZTYtOGY4OC0zNDM2M2JjN2M0YzAiOnsiY3JlYXRlIjoxODAwMDAwMDAwMDAwLCJkZWxldGUiOjE4MDAwMDAwMDAwMDAsInJlYWQiOjMwMDAwMDAwMDAwMCwidXBkYXRlIjoxODAwMDAwMDAwMDAwfX0=",
          "dependencies": [
            "data.azurerm_resource_group.existing"
          ]
        },
        {
          "index_key": "vm2",
          "schema_version": 0,
          "attributes": {
            "allocation_method": "Dynamic",
            "domain_name_label": null,
            "edge_zone": "",
            "fqdn": null,
            "id": "/subscriptions/41e50375-b926-4bc4-9045-348f359cf721/resourceGroups/iede_adu-rg/providers/Microsoft.Network/publicIPAddresses/Production-ip",
            "idle_timeout_in_minutes": 4,
            "ip_address": "108.143.7.192",
            "ip_tags": {},
            "ip_version": "IPv4",
            "location": "westeurope",
            "name": "Production-ip",
            "public_ip_prefix_id": null,
            "resource_group_name": "iede_adu-rg",
            "reverse_fqdn": null,
            "sku": "Basic",
            "sku_tier": "Regional",
            "tags": {
              "Pillar": "Innovative Tech",
              "Role": "Futures",
              "Usage": "Training / Certification related activities",
              "environment": "dev"
            },
            "timeouts": null,
            "zones": []
          },
          "sensitive_attributes": [],
          "private": "eyJlMmJmYjczMC1lY2FhLTExZTYtOGY4OC0zNDM2M2JjN2M0YzAiOnsiY3JlYXRlIjoxODAwMDAwMDAwMDAwLCJkZWxldGUiOjE4MDAwMDAwMDAwMDAsInJlYWQiOjMwMDAwMDAwMDAwMCwidXBkYXRlIjoxODAwMDAwMDAwMDAwfX0=",
          "dependencies": [
            "data.azurerm_resource_group.existing"
          ]
        },
        {
          "index_key": "vm3",
          "schema_version": 0,
          "attributes": {
            "allocation_method": "Dynamic",
            "domain_name_label": null,
            "edge_zone": "",
            "fqdn": null,
            "id": "/subscriptions/41e50375-b926-4bc4-9045-348f359cf721/resourceGroups/iede_adu-rg/providers/Microsoft.Network/publicIPAddresses/Acceptance-ip",
            "idle_timeout_in_minutes": 4,
            "ip_address": "108.143.7.189",
            "ip_tags": {},
            "ip_version": "IPv4",
            "location": "westeurope",
            "name": "Acceptance-ip",
            "public_ip_prefix_id": null,
            "resource_group_name": "iede_adu-rg",
            "reverse_fqdn": null,
            "sku": "Basic",
            "sku_tier": "Regional",
            "tags": {
              "Pillar": "Innovative Tech",
              "Role": "Futures",
              "Usage": "Training / Certification related activities",
              "environment": "dev"
            },
            "timeouts": null,
            "zones": []
          },
          "sensitive_attributes": [],
          "private": "eyJlMmJmYjczMC1lY2FhLTExZTYtOGY4OC0zNDM2M2JjN2M0YzAiOnsiY3JlYXRlIjoxODAwMDAwMDAwMDAwLCJkZWxldGUiOjE4MDAwMDAwMDAwMDAsInJlYWQiOjMwMDAwMDAwMDAwMCwidXBkYXRlIjoxODAwMDAwMDAwMDAwfX0=",
          "dependencies": [
            "data.azurerm_resource_group.existing"
          ]
        }
      ]
    },
    {
      "mode": "managed",
      "type": "azurerm_subnet",
      "name": "az_sn",
      "provider": "provider[\"registry.terraform.io/hashicorp/azurerm\"]",
      "instances": [
        {
          "schema_version": 0,
          "attributes": {
            "address_prefixes": [
              "10.123.1.0/24"
            ],
            "delegation": [],
            "enforce_private_link_endpoint_network_policies": false,
            "enforce_private_link_service_network_policies": false,
            "id": "/subscriptions/41e50375-b926-4bc4-9045-348f359cf721/resourceGroups/iede_adu-rg/providers/Microsoft.Network/virtualNetworks/iede_adu-rg-vnet/subnets/iede_adu-rg-subnet",
            "name": "iede_adu-rg-subnet",
            "resource_group_name": "iede_adu-rg",
            "service_endpoint_policy_ids": [],
            "service_endpoints": [],
            "timeouts": null,
            "virtual_network_name": "iede_adu-rg-vnet"
          },
          "sensitive_attributes": [],
          "private": "eyJlMmJmYjczMC1lY2FhLTExZTYtOGY4OC0zNDM2M2JjN2M0YzAiOnsiY3JlYXRlIjoxODAwMDAwMDAwMDAwLCJkZWxldGUiOjE4MDAwMDAwMDAwMDAsInJlYWQiOjMwMDAwMDAwMDAwMCwidXBkYXRlIjoxODAwMDAwMDAwMDAwfX0=",
          "dependencies": [
            "azurerm_virtual_network.az_vn",
            "data.azurerm_resource_group.existing"
          ]
        }
      ]
    },
    {
      "mode": "managed",
      "type": "azurerm_virtual_network",
      "name": "az_vn",
      "provider": "provider[\"registry.terraform.io/hashicorp/azurerm\"]",
      "instances": [
        {
          "schema_version": 0,
          "attributes": {
            "address_space": [
              "10.123.0.0/16"
            ],
            "bgp_community": "",
            "ddos_protection_plan": [],
            "dns_servers": [],
            "edge_zone": "",
            "flow_timeout_in_minutes": 0,
            "guid": "5e0124af-957c-4374-af50-e4202fbaf6be",
            "id": "/subscriptions/41e50375-b926-4bc4-9045-348f359cf721/resourceGroups/iede_adu-rg/providers/Microsoft.Network/virtualNetworks/iede_adu-rg-vnet",
            "location": "westeurope",
            "name": "iede_adu-rg-vnet",
            "resource_group_name": "iede_adu-rg",
            "subnet": [
              {
                "address_prefix": "10.123.1.0/24",
                "id": "/subscriptions/41e50375-b926-4bc4-9045-348f359cf721/resourceGroups/iede_adu-rg/providers/Microsoft.Network/virtualNetworks/iede_adu-rg-vnet/subnets/iede_adu-rg-subnet",
                "name": "iede_adu-rg-subnet",
                "security_group": "/subscriptions/41e50375-b926-4bc4-9045-348f359cf721/resourceGroups/iede_adu-rg/providers/Microsoft.Network/networkSecurityGroups/iede_adu-rg-security"
              }
            ],
            "tags": {
              "Pillar": "Innovative Tech",
              "Role": "Futures",
              "Usage": "Training / Certification related activities"
            },
            "timeouts": null
          },
          "sensitive_attributes": [],
          "private": "eyJlMmJmYjczMC1lY2FhLTExZTYtOGY4OC0zNDM2M2JjN2M0YzAiOnsiY3JlYXRlIjoxODAwMDAwMDAwMDAwLCJkZWxldGUiOjE4MDAwMDAwMDAwMDAsInJlYWQiOjMwMDAwMDAwMDAwMCwidXBkYXRlIjoxODAwMDAwMDAwMDAwfX0=",
          "dependencies": [
            "data.azurerm_resource_group.existing"
          ]
        }
      ]
    }
  ],
  "check_results": null
}
