{
  "version": 4,
  "terraform_version": "1.8.3",
  "serial": 323,
  "lineage": "89d30a70-4bc6-c859-e942-6a5add6366df",
  "outputs": {},
  "resources": [
    {
      "mode": "data",
      "type": "azurerm_resource_group",
      "name": "existing",
      "provider": "provider[\"registry.terraform.io/hashicorp/azurerm\"]",
      "instances": [
        {
          "schema_version": 0,
          "attributes": {
            "id": "/subscriptions/41e50375-b926-4bc4-9045-348f359cf721/resourceGroups/iede_adu-rg",
            "location": "westeurope",
            "name": "iede_adu-rg",
            "tags": {
              "Pillar": "Innovative Tech",
              "Role": "Futures",
              "Tier": "Personal",
              "Usage": "Training / Certification related activities"
            },
            "timeouts": null
          },
          "sensitive_attributes": []
        }
      ]
    },
    {
      "mode": "managed",
      "type": "azurerm_linux_virtual_machine",
      "name": "az_vm",
      "provider": "provider[\"registry.terraform.io/hashicorp/azurerm\"]",
      "instances": [
        {
          "index_key": "vm1",
          "schema_version": 0,
          "attributes": {
            "additional_capabilities": [],
            "admin_password": null,
            "admin_ssh_key": [
              {
                "public_key": "ssh-rsa AAAAB3NzaC1yc2EAAAADAQABAAACAQDFdIBL+rSimFIsyENWAJRi1fINxJmr0ieugYj/tXrLsr1dE9h2OxR7hvm+BCCG9+2nRLYeOMxiOo1x7bnu+/PYyouKTKX6t45PJzwl6ca5VKNRorllbA7gkkmS2CHLX49e5MEapPgb+u3mXE3ZkrlH++nsfCXB/25S9qOKYgBm5UjwnD6UmGCV6N6OHH89ct6u7/ZtO6raT4HLwMD75WLRbytukfz+rYxlEffYIsvqEbUM5L7b86npr0na5lAmat65z7t22fa/UFYxfO51arjvRpIsWJUqzhe0QklMTW7VAogOPZzGaa+6B7WtMhaR7inn0plDvXgHAlQJxND7NeB07OTh59R6xBxqmYsRUx2W6fLBOkqsTI4exActx4wJog+oEdSfDOvAOisby6jOHP+m7BHtKFZ4+NVNN7nKmeVzqvIHyFwpUmm/HeYhQ9IiPIzFC28d60LE936lCPdzkDHKxeYalWBW3c06Sl+Oqv27uN0s9cZO72Dnpby+grjw9s3PVLkTtuaweL4tU8bvCce1+fHsRquFAU90SefGHe8YsQ0lndM4CihOuOPw08X85bDtgxfNfciWi6Lg+qNyLUl05Cx96kzTH/yb/0yk+KaDRp8LecUPFX/DZ9yRate1y4jI/h4Ji6phhF1nu3NoGa7f1pQNJCpC60/EWPVl147LHQ== iede@localhost.localdomain\n",
                "username": "adminuser"
              }
            ],
            "admin_username": "adminuser",
            "allow_extension_operations": true,
            "availability_set_id": "",
            "boot_diagnostics": [],
            "computer_name": "Testing",
            "custom_data": null,
            "dedicated_host_group_id": "",
            "dedicated_host_id": "",
            "disable_password_authentication": true,
            "edge_zone": "",
            "encryption_at_host_enabled": false,
            "eviction_policy": "",
            "extensions_time_budget": "PT1H30M",
            "id": "/subscriptions/41e50375-b926-4bc4-9045-348f359cf721/resourceGroups/iede_adu-rg/providers/Microsoft.Compute/virtualMachines/Testing",
            "identity": [],
            "license_type": "",
            "location": "westeurope",
            "max_bid_price": -1,
            "name": "Testing",
            "network_interface_ids": [
              "/subscriptions/41e50375-b926-4bc4-9045-348f359cf721/resourceGroups/iede_adu-rg/providers/Microsoft.Network/networkInterfaces/Testing-ni"
            ],
            "os_disk": [
              {
                "caching": "ReadWrite",
                "diff_disk_settings": [],
                "disk_encryption_set_id": "",
                "disk_size_gb": 30,
                "name": "Testing_OsDisk_1_2c1d6acc0c1a42d1821266938d8e023c",
                "storage_account_type": "Standard_LRS",
                "write_accelerator_enabled": false
              }
            ],
            "patch_mode": "ImageDefault",
            "plan": [],
            "platform_fault_domain": -1,
            "priority": "Regular",
            "private_ip_address": "10.123.1.5",
            "private_ip_addresses": [
              "10.123.1.5"
            ],
            "provision_vm_agent": true,
            "proximity_placement_group_id": "",
            "public_ip_address": "20.107.126.168",
            "public_ip_addresses": [
              "20.107.126.168"
            ],
            "resource_group_name": "iede_adu-rg",
            "secret": [],
            "secure_boot_enabled": false,
            "size": "Standard_B2s",
            "source_image_id": "",
            "source_image_reference": [
              {
                "offer": "ubuntu-24_04-lts",
                "publisher": "Canonical",
                "sku": "server",
                "version": "latest"
              }
            ],
            "tags": {
              "Pillar": "Innovative Tech",
              "Role": "Futures",
              "Usage": "Training / Certification related activities"
            },
            "termination_notification": null,
            "timeouts": null,
            "user_data": "",
            "virtual_machine_id": "2a53415b-2a1e-446f-aaba-e125031af6f3",
            "virtual_machine_scale_set_id": "",
            "vtpm_enabled": false,
            "zone": ""
          },
          "sensitive_attributes": [
            [
              {
                "type": "get_attr",
                "value": "custom_data"
              }
            ],
            [
              {
                "type": "get_attr",
                "value": "admin_password"
              }
            ]
          ],
          "private": "eyJlMmJmYjczMC1lY2FhLTExZTYtOGY4OC0zNDM2M2JjN2M0YzAiOnsiY3JlYXRlIjoyNzAwMDAwMDAwMDAwLCJkZWxldGUiOjI3MDAwMDAwMDAwMDAsInJlYWQiOjMwMDAwMDAwMDAwMCwidXBkYXRlIjoyNzAwMDAwMDAwMDAwfX0=",
          "dependencies": [
            "azurerm_network_interface.az_ni",
            "azurerm_public_ip.az_ip",
            "azurerm_subnet.az_sn",
            "azurerm_virtual_network.az_vn",
            "data.azurerm_resource_group.existing"
          ]
        },
        {
          "index_key": "vm2",
          "schema_version": 0,
          "attributes": {
            "additional_capabilities": [],
            "admin_password": null,
            "admin_ssh_key": [
              {
                "public_key": "ssh-rsa AAAAB3NzaC1yc2EAAAADAQABAAACAQDFdIBL+rSimFIsyENWAJRi1fINxJmr0ieugYj/tXrLsr1dE9h2OxR7hvm+BCCG9+2nRLYeOMxiOo1x7bnu+/PYyouKTKX6t45PJzwl6ca5VKNRorllbA7gkkmS2CHLX49e5MEapPgb+u3mXE3ZkrlH++nsfCXB/25S9qOKYgBm5UjwnD6UmGCV6N6OHH89ct6u7/ZtO6raT4HLwMD75WLRbytukfz+rYxlEffYIsvqEbUM5L7b86npr0na5lAmat65z7t22fa/UFYxfO51arjvRpIsWJUqzhe0QklMTW7VAogOPZzGaa+6B7WtMhaR7inn0plDvXgHAlQJxND7NeB07OTh59R6xBxqmYsRUx2W6fLBOkqsTI4exActx4wJog+oEdSfDOvAOisby6jOHP+m7BHtKFZ4+NVNN7nKmeVzqvIHyFwpUmm/HeYhQ9IiPIzFC28d60LE936lCPdzkDHKxeYalWBW3c06Sl+Oqv27uN0s9cZO72Dnpby+grjw9s3PVLkTtuaweL4tU8bvCce1+fHsRquFAU90SefGHe8YsQ0lndM4CihOuOPw08X85bDtgxfNfciWi6Lg+qNyLUl05Cx96kzTH/yb/0yk+KaDRp8LecUPFX/DZ9yRate1y4jI/h4Ji6phhF1nu3NoGa7f1pQNJCpC60/EWPVl147LHQ== iede@localhost.localdomain\n",
                "username": "adminuser"
              }
            ],
            "admin_username": "adminuser",
            "allow_extension_operations": true,
            "availability_set_id": "",
            "boot_diagnostics": [],
            "computer_name": "Production",
            "custom_data": null,
            "dedicated_host_group_id": "",
            "dedicated_host_id": "",
            "disable_password_authentication": true,
            "edge_zone": "",
            "encryption_at_host_enabled": false,
            "eviction_policy": "",
            "extensions_time_budget": "PT1H30M",
            "id": "/subscriptions/41e50375-b926-4bc4-9045-348f359cf721/resourceGroups/iede_adu-rg/providers/Microsoft.Compute/virtualMachines/Production",
            "identity": [],
            "license_type": "",
            "location": "westeurope",
            "max_bid_price": -1,
            "name": "Production",
            "network_interface_ids": [
              "/subscriptions/41e50375-b926-4bc4-9045-348f359cf721/resourceGroups/iede_adu-rg/providers/Microsoft.Network/networkInterfaces/Production-ni"
            ],
            "os_disk": [
              {
                "caching": "ReadWrite",
                "diff_disk_settings": [],
                "disk_encryption_set_id": "",
                "disk_size_gb": 30,
                "name": "Production_OsDisk_1_c6dd44246d1e4effb2f5ee95f1dd882a",
                "storage_account_type": "Standard_LRS",
                "write_accelerator_enabled": false
              }
            ],
            "patch_mode": "ImageDefault",
            "plan": [],
            "platform_fault_domain": -1,
            "priority": "Regular",
            "private_ip_address": "10.123.1.6",
            "private_ip_addresses": [
              "10.123.1.6"
            ],
            "provision_vm_agent": true,
            "proximity_placement_group_id": "",
            "public_ip_address": "20.4.60.238",
            "public_ip_addresses": [
              "20.4.60.238"
            ],
            "resource_group_name": "iede_adu-rg",
            "secret": [],
            "secure_boot_enabled": false,
            "size": "Standard_B2s",
            "source_image_id": "",
            "source_image_reference": [
              {
                "offer": "ubuntu-24_04-lts",
                "publisher": "Canonical",
                "sku": "server",
                "version": "latest"
              }
            ],
            "tags": {
              "Pillar": "Innovative Tech",
              "Role": "Futures",
              "Usage": "Training / Certification related activities"
            },
            "termination_notification": null,
            "timeouts": null,
            "user_data": "",
            "virtual_machine_id": "e4ac3f88-98b1-44a1-a6b3-1ebeb3beaf5d",
            "virtual_machine_scale_set_id": "",
            "vtpm_enabled": false,
            "zone": ""
          },
          "sensitive_attributes": [
            [
              {
                "type": "get_attr",
                "value": "custom_data"
              }
            ],
            [
              {
                "type": "get_attr",
                "value": "admin_password"
              }
            ]
          ],
          "private": "eyJlMmJmYjczMC1lY2FhLTExZTYtOGY4OC0zNDM2M2JjN2M0YzAiOnsiY3JlYXRlIjoyNzAwMDAwMDAwMDAwLCJkZWxldGUiOjI3MDAwMDAwMDAwMDAsInJlYWQiOjMwMDAwMDAwMDAwMCwidXBkYXRlIjoyNzAwMDAwMDAwMDAwfX0=",
          "dependencies": [
            "azurerm_network_interface.az_ni",
            "azurerm_public_ip.az_ip",
            "azurerm_subnet.az_sn",
            "azurerm_virtual_network.az_vn",
            "data.azurerm_resource_group.existing"
          ]
        },
        {
          "index_key": "vm3",
          "schema_version": 0,
          "attributes": {
            "additional_capabilities": [],
            "admin_password": null,
            "admin_ssh_key": [
              {
                "public_key": "ssh-rsa AAAAB3NzaC1yc2EAAAADAQABAAACAQDFdIBL+rSimFIsyENWAJRi1fINxJmr0ieugYj/tXrLsr1dE9h2OxR7hvm+BCCG9+2nRLYeOMxiOo1x7bnu+/PYyouKTKX6t45PJzwl6ca5VKNRorllbA7gkkmS2CHLX49e5MEapPgb+u3mXE3ZkrlH++nsfCXB/25S9qOKYgBm5UjwnD6UmGCV6N6OHH89ct6u7/ZtO6raT4HLwMD75WLRbytukfz+rYxlEffYIsvqEbUM5L7b86npr0na5lAmat65z7t22fa/UFYxfO51arjvRpIsWJUqzhe0QklMTW7VAogOPZzGaa+6B7WtMhaR7inn0plDvXgHAlQJxND7NeB07OTh59R6xBxqmYsRUx2W6fLBOkqsTI4exActx4wJog+oEdSfDOvAOisby6jOHP+m7BHtKFZ4+NVNN7nKmeVzqvIHyFwpUmm/HeYhQ9IiPIzFC28d60LE936lCPdzkDHKxeYalWBW3c06Sl+Oqv27uN0s9cZO72Dnpby+grjw9s3PVLkTtuaweL4tU8bvCce1+fHsRquFAU90SefGHe8YsQ0lndM4CihOuOPw08X85bDtgxfNfciWi6Lg+qNyLUl05Cx96kzTH/yb/0yk+KaDRp8LecUPFX/DZ9yRate1y4jI/h4Ji6phhF1nu3NoGa7f1pQNJCpC60/EWPVl147LHQ== iede@localhost.localdomain\n",
                "username": "adminuser"
              }
            ],
            "admin_username": "adminuser",
            "allow_extension_operations": true,
            "availability_set_id": "",
            "boot_diagnostics": [],
            "computer_name": "Acceptance",
            "custom_data": null,
            "dedicated_host_group_id": "",
            "dedicated_host_id": "",
            "disable_password_authentication": true,
            "edge_zone": "",
            "encryption_at_host_enabled": false,
            "eviction_policy": "",
            "extensions_time_budget": "PT1H30M",
            "id": "/subscriptions/41e50375-b926-4bc4-9045-348f359cf721/resourceGroups/iede_adu-rg/providers/Microsoft.Compute/virtualMachines/Acceptance",
            "identity": [],
            "license_type": "",
            "location": "westeurope",
            "max_bid_price": -1,
            "name": "Acceptance",
            "network_interface_ids": [
              "/subscriptions/41e50375-b926-4bc4-9045-348f359cf721/resourceGroups/iede_adu-rg/providers/Microsoft.Network/networkInterfaces/Acceptance-ni"
            ],
            "os_disk": [
              {
                "caching": "ReadWrite",
                "diff_disk_settings": [],
                "disk_encryption_set_id": "",
                "disk_size_gb": 30,
                "name": "Acceptance_OsDisk_1_22fae77e9f3f4e8e9875d895f214cb52",
                "storage_account_type": "Standard_LRS",
                "write_accelerator_enabled": false
              }
            ],
            "patch_mode": "ImageDefault",
            "plan": [],
            "platform_fault_domain": -1,
            "priority": "Regular",
            "private_ip_address": "10.123.1.4",
            "private_ip_addresses": [
              "10.123.1.4"
            ],
            "provision_vm_agent": true,
            "proximity_placement_group_id": "",
            "public_ip_address": "20.107.126.190",
            "public_ip_addresses": [
              "20.107.126.190"
            ],
            "resource_group_name": "iede_adu-rg",
            "secret": [],
            "secure_boot_enabled": false,
            "size": "Standard_B2s",
            "source_image_id": "",
            "source_image_reference": [
              {
                "offer": "ubuntu-24_04-lts",
                "publisher": "Canonical",
                "sku": "server",
                "version": "latest"
              }
            ],
            "tags": {
              "Pillar": "Innovative Tech",
              "Role": "Futures",
              "Usage": "Training / Certification related activities"
            },
            "termination_notification": null,
            "timeouts": null,
            "user_data": "",
            "virtual_machine_id": "7c4d12fb-b8b1-4e49-8b5d-de5b6019ff90",
            "virtual_machine_scale_set_id": "",
            "vtpm_enabled": false,
            "zone": ""
          },
          "sensitive_attributes": [
            [
              {
                "type": "get_attr",
                "value": "custom_data"
              }
            ],
            [
              {
                "type": "get_attr",
                "value": "admin_password"
              }
            ]
          ],
          "private": "eyJlMmJmYjczMC1lY2FhLTExZTYtOGY4OC0zNDM2M2JjN2M0YzAiOnsiY3JlYXRlIjoyNzAwMDAwMDAwMDAwLCJkZWxldGUiOjI3MDAwMDAwMDAwMDAsInJlYWQiOjMwMDAwMDAwMDAwMCwidXBkYXRlIjoyNzAwMDAwMDAwMDAwfX0=",
          "dependencies": [
            "azurerm_network_interface.az_ni",
            "azurerm_public_ip.az_ip",
            "azurerm_subnet.az_sn",
            "azurerm_virtual_network.az_vn",
            "data.azurerm_resource_group.existing"
          ]
        }
      ]
    },
    {
      "mode": "managed",
      "type": "azurerm_network_interface",
      "name": "az_ni",
      "provider": "provider[\"registry.terraform.io/hashicorp/azurerm\"]",
      "instances": [
        {
          "index_key": "vm1",
          "schema_version": 0,
          "attributes": {
            "applied_dns_servers": [],
            "dns_servers": [],
            "edge_zone": "",
            "enable_accelerated_networking": false,
            "enable_ip_forwarding": false,
            "id": "/subscriptions/41e50375-b926-4bc4-9045-348f359cf721/resourceGroups/iede_adu-rg/providers/Microsoft.Network/networkInterfaces/Testing-ni",
            "internal_dns_name_label": "",
            "internal_domain_name_suffix": "40icywsfc00u1mfkxaqilndr0g.ax.internal.cloudapp.net",
            "ip_configuration": [
              {
                "gateway_load_balancer_frontend_ip_configuration_id": "",
                "name": "internal",
                "primary": true,
                "private_ip_address": "10.123.1.5",
                "private_ip_address_allocation": "Dynamic",
                "private_ip_address_version": "IPv4",
                "public_ip_address_id": "/subscriptions/41e50375-b926-4bc4-9045-348f359cf721/resourceGroups/iede_adu-rg/providers/Microsoft.Network/publicIPAddresses/Testing-ip",
                "subnet_id": "/subscriptions/41e50375-b926-4bc4-9045-348f359cf721/resourceGroups/iede_adu-rg/providers/Microsoft.Network/virtualNetworks/iede_adu-rg-vnet/subnets/iede_adu-rg-subnet"
              }
            ],
            "location": "westeurope",
            "mac_address": "",
            "name": "Testing-ni",
            "private_ip_address": "10.123.1.5",
            "private_ip_addresses": [
              "10.123.1.5"
            ],
            "resource_group_name": "iede_adu-rg",
            "tags": {
              "Pillar": "Innovative Tech",
              "Role": "Futures",
              "Usage": "Training / Certification related activities"
            },
            "timeouts": null,
            "virtual_machine_id": ""
          },
          "sensitive_attributes": [],
          "private": "eyJlMmJmYjczMC1lY2FhLTExZTYtOGY4OC0zNDM2M2JjN2M0YzAiOnsiY3JlYXRlIjoxODAwMDAwMDAwMDAwLCJkZWxldGUiOjE4MDAwMDAwMDAwMDAsInJlYWQiOjMwMDAwMDAwMDAwMCwidXBkYXRlIjoxODAwMDAwMDAwMDAwfX0=",
          "dependencies": [
            "azurerm_public_ip.az_ip",
            "azurerm_subnet.az_sn",
            "azurerm_virtual_network.az_vn",
            "data.azurerm_resource_group.existing"
          ]
        },
        {
          "index_key": "vm2",
          "schema_version": 0,
          "attributes": {
            "applied_dns_servers": [],
            "dns_servers": [],
            "edge_zone": "",
            "enable_accelerated_networking": false,
            "enable_ip_forwarding": false,
            "id": "/subscriptions/41e50375-b926-4bc4-9045-348f359cf721/resourceGroups/iede_adu-rg/providers/Microsoft.Network/networkInterfaces/Production-ni",
            "internal_dns_name_label": "",
            "internal_domain_name_suffix": "40icywsfc00u1mfkxaqilndr0g.ax.internal.cloudapp.net",
            "ip_configuration": [
              {
                "gateway_load_balancer_frontend_ip_configuration_id": "",
                "name": "internal",
                "primary": true,
                "private_ip_address": "10.123.1.6",
                "private_ip_address_allocation": "Dynamic",
                "private_ip_address_version": "IPv4",
                "public_ip_address_id": "/subscriptions/41e50375-b926-4bc4-9045-348f359cf721/resourceGroups/iede_adu-rg/providers/Microsoft.Network/publicIPAddresses/Production-ip",
                "subnet_id": "/subscriptions/41e50375-b926-4bc4-9045-348f359cf721/resourceGroups/iede_adu-rg/providers/Microsoft.Network/virtualNetworks/iede_adu-rg-vnet/subnets/iede_adu-rg-subnet"
              }
            ],
            "location": "westeurope",
            "mac_address": "",
            "name": "Production-ni",
            "private_ip_address": "10.123.1.6",
            "private_ip_addresses": [
              "10.123.1.6"
            ],
            "resource_group_name": "iede_adu-rg",
            "tags": {
              "Pillar": "Innovative Tech",
              "Role": "Futures",
              "Usage": "Training / Certification related activities"
            },
            "timeouts": null,
            "virtual_machine_id": ""
          },
          "sensitive_attributes": [],
          "private": "eyJlMmJmYjczMC1lY2FhLTExZTYtOGY4OC0zNDM2M2JjN2M0YzAiOnsiY3JlYXRlIjoxODAwMDAwMDAwMDAwLCJkZWxldGUiOjE4MDAwMDAwMDAwMDAsInJlYWQiOjMwMDAwMDAwMDAwMCwidXBkYXRlIjoxODAwMDAwMDAwMDAwfX0=",
          "dependencies": [
            "azurerm_public_ip.az_ip",
            "azurerm_subnet.az_sn",
            "azurerm_virtual_network.az_vn",
            "data.azurerm_resource_group.existing"
          ]
        },
        {
          "index_key": "vm3",
          "schema_version": 0,
          "attributes": {
            "applied_dns_servers": [],
            "dns_servers": [],
            "edge_zone": "",
            "enable_accelerated_networking": false,
            "enable_ip_forwarding": false,
            "id": "/subscriptions/41e50375-b926-4bc4-9045-348f359cf721/resourceGroups/iede_adu-rg/providers/Microsoft.Network/networkInterfaces/Acceptance-ni",
            "internal_dns_name_label": "",
            "internal_domain_name_suffix": "40icywsfc00u1mfkxaqilndr0g.ax.internal.cloudapp.net",
            "ip_configuration": [
              {
                "gateway_load_balancer_frontend_ip_configuration_id": "",
                "name": "internal",
                "primary": true,
                "private_ip_address": "10.123.1.4",
                "private_ip_address_allocation": "Dynamic",
                "private_ip_address_version": "IPv4",
                "public_ip_address_id": "/subscriptions/41e50375-b926-4bc4-9045-348f359cf721/resourceGroups/iede_adu-rg/providers/Microsoft.Network/publicIPAddresses/Acceptance-ip",
                "subnet_id": "/subscriptions/41e50375-b926-4bc4-9045-348f359cf721/resourceGroups/iede_adu-rg/providers/Microsoft.Network/virtualNetworks/iede_adu-rg-vnet/subnets/iede_adu-rg-subnet"
              }
            ],
            "location": "westeurope",
            "mac_address": "",
            "name": "Acceptance-ni",
            "private_ip_address": "10.123.1.4",
            "private_ip_addresses": [
              "10.123.1.4"
            ],
            "resource_group_name": "iede_adu-rg",
            "tags": {
              "Pillar": "Innovative Tech",
              "Role": "Futures",
              "Usage": "Training / Certification related activities"
            },
            "timeouts": null,
            "virtual_machine_id": ""
          },
          "sensitive_attributes": [],
          "private": "eyJlMmJmYjczMC1lY2FhLTExZTYtOGY4OC0zNDM2M2JjN2M0YzAiOnsiY3JlYXRlIjoxODAwMDAwMDAwMDAwLCJkZWxldGUiOjE4MDAwMDAwMDAwMDAsInJlYWQiOjMwMDAwMDAwMDAwMCwidXBkYXRlIjoxODAwMDAwMDAwMDAwfX0=",
          "dependencies": [
            "azurerm_public_ip.az_ip",
            "azurerm_subnet.az_sn",
            "azurerm_virtual_network.az_vn",
            "data.azurerm_resource_group.existing"
          ]
        }
      ]
    },
    {
      "mode": "managed",
      "type": "azurerm_network_security_group",
      "name": "az_sg",
      "provider": "provider[\"registry.terraform.io/hashicorp/azurerm\"]",
      "instances": [
        {
          "schema_version": 0,
          "attributes": {
            "id": "/subscriptions/41e50375-b926-4bc4-9045-348f359cf721/resourceGroups/iede_adu-rg/providers/Microsoft.Network/networkSecurityGroups/iede_adu-rg-security",
            "location": "westeurope",
            "name": "iede_adu-rg-security",
            "resource_group_name": "iede_adu-rg",
            "security_rule": [],
            "tags": {
              "Pillar": "Innovative Tech",
              "Role": "Futures",
              "Usage": "Training / Certification related activities"
            },
            "timeouts": null
          },
          "sensitive_attributes": [],
          "private": "eyJlMmJmYjczMC1lY2FhLTExZTYtOGY4OC0zNDM2M2JjN2M0YzAiOnsiY3JlYXRlIjoxODAwMDAwMDAwMDAwLCJkZWxldGUiOjE4MDAwMDAwMDAwMDAsInJlYWQiOjMwMDAwMDAwMDAwMCwidXBkYXRlIjoxODAwMDAwMDAwMDAwfX0=",
          "dependencies": [
            "data.azurerm_resource_group.existing"
          ]
        }
      ]
    },
    {
      "mode": "managed",
      "type": "azurerm_network_security_rule",
      "name": "az_sr",
      "provider": "provider[\"registry.terraform.io/hashicorp/azurerm\"]",
      "instances": [
        {
          "schema_version": 0,
          "attributes": {
            "access": "Allow",
            "description": "",
            "destination_address_prefix": "*",
            "destination_address_prefixes": null,
            "destination_application_security_group_ids": null,
            "destination_port_range": "*",
            "destination_port_ranges": null,
            "direction": "Inbound",
            "id": "/subscriptions/41e50375-b926-4bc4-9045-348f359cf721/resourceGroups/iede_adu-rg/providers/Microsoft.Network/networkSecurityGroups/iede_adu-rg-security/securityRules/iede_adu-rg-rule",
            "name": "iede_adu-rg-rule",
            "network_security_group_name": "iede_adu-rg-security",
            "priority": 100,
            "protocol": "*",
            "resource_group_name": "iede_adu-rg",
            "source_address_prefix": "*",
            "source_address_prefixes": null,
            "source_application_security_group_ids": null,
            "source_port_range": "*",
            "source_port_ranges": null,
            "timeouts": null
          },
          "sensitive_attributes": [],
          "private": "eyJlMmJmYjczMC1lY2FhLTExZTYtOGY4OC0zNDM2M2JjN2M0YzAiOnsiY3JlYXRlIjoxODAwMDAwMDAwMDAwLCJkZWxldGUiOjE4MDAwMDAwMDAwMDAsInJlYWQiOjMwMDAwMDAwMDAwMCwidXBkYXRlIjoxODAwMDAwMDAwMDAwfX0=",
          "dependencies": [
            "azurerm_network_security_group.az_sg",
            "data.azurerm_resource_group.existing"
          ]
        }
      ]
    },
    {
      "mode": "managed",
      "type": "azurerm_public_ip",
      "name": "az_ip",
      "provider": "provider[\"registry.terraform.io/hashicorp/azurerm\"]",
      "instances": [
        {
          "index_key": "vm1",
          "schema_version": 0,
          "attributes": {
            "allocation_method": "Dynamic",
            "domain_name_label": null,
            "edge_zone": "",
            "fqdn": null,
            "id": "/subscriptions/41e50375-b926-4bc4-9045-348f359cf721/resourceGroups/iede_adu-rg/providers/Microsoft.Network/publicIPAddresses/Testing-ip",
            "idle_timeout_in_minutes": 4,
            "ip_address": "",
            "ip_tags": null,
            "ip_version": "IPv4",
            "location": "westeurope",
            "name": "Testing-ip",
            "public_ip_prefix_id": null,
            "resource_group_name": "iede_adu-rg",
            "reverse_fqdn": null,
            "sku": "Basic",
            "sku_tier": "Regional",
            "tags": {
              "Pillar": "Innovative Tech",
              "Role": "Futures",
              "Usage": "Training / Certification related activities",
              "environment": "dev"
            },
            "timeouts": null,
            "zones": null
          },
          "sensitive_attributes": [],
          "private": "eyJlMmJmYjczMC1lY2FhLTExZTYtOGY4OC0zNDM2M2JjN2M0YzAiOnsiY3JlYXRlIjoxODAwMDAwMDAwMDAwLCJkZWxldGUiOjE4MDAwMDAwMDAwMDAsInJlYWQiOjMwMDAwMDAwMDAwMCwidXBkYXRlIjoxODAwMDAwMDAwMDAwfX0=",
          "dependencies": [
            "data.azurerm_resource_group.existing"
          ]
        },
        {
          "index_key": "vm2",
          "schema_version": 0,
          "attributes": {
            "allocation_method": "Dynamic",
            "domain_name_label": null,
            "edge_zone": "",
            "fqdn": null,
            "id": "/subscriptions/41e50375-b926-4bc4-9045-348f359cf721/resourceGroups/iede_adu-rg/providers/Microsoft.Network/publicIPAddresses/Production-ip",
            "idle_timeout_in_minutes": 4,
            "ip_address": "",
            "ip_tags": null,
            "ip_version": "IPv4",
            "location": "westeurope",
            "name": "Production-ip",
            "public_ip_prefix_id": null,
            "resource_group_name": "iede_adu-rg",
            "reverse_fqdn": null,
            "sku": "Basic",
            "sku_tier": "Regional",
            "tags": {
              "Pillar": "Innovative Tech",
              "Role": "Futures",
              "Usage": "Training / Certification related activities",
              "environment": "dev"
            },
            "timeouts": null,
            "zones": null
          },
          "sensitive_attributes": [],
          "private": "eyJlMmJmYjczMC1lY2FhLTExZTYtOGY4OC0zNDM2M2JjN2M0YzAiOnsiY3JlYXRlIjoxODAwMDAwMDAwMDAwLCJkZWxldGUiOjE4MDAwMDAwMDAwMDAsInJlYWQiOjMwMDAwMDAwMDAwMCwidXBkYXRlIjoxODAwMDAwMDAwMDAwfX0=",
          "dependencies": [
            "data.azurerm_resource_group.existing"
          ]
        },
        {
          "index_key": "vm3",
          "schema_version": 0,
          "attributes": {
            "allocation_method": "Dynamic",
            "domain_name_label": null,
            "edge_zone": "",
            "fqdn": null,
            "id": "/subscriptions/41e50375-b926-4bc4-9045-348f359cf721/resourceGroups/iede_adu-rg/providers/Microsoft.Network/publicIPAddresses/Acceptance-ip",
            "idle_timeout_in_minutes": 4,
            "ip_address": "",
            "ip_tags": null,
            "ip_version": "IPv4",
            "location": "westeurope",
            "name": "Acceptance-ip",
            "public_ip_prefix_id": null,
            "resource_group_name": "iede_adu-rg",
            "reverse_fqdn": null,
            "sku": "Basic",
            "sku_tier": "Regional",
            "tags": {
              "Pillar": "Innovative Tech",
              "Role": "Futures",
              "Usage": "Training / Certification related activities",
              "environment": "dev"
            },
            "timeouts": null,
            "zones": null
          },
          "sensitive_attributes": [],
          "private": "eyJlMmJmYjczMC1lY2FhLTExZTYtOGY4OC0zNDM2M2JjN2M0YzAiOnsiY3JlYXRlIjoxODAwMDAwMDAwMDAwLCJkZWxldGUiOjE4MDAwMDAwMDAwMDAsInJlYWQiOjMwMDAwMDAwMDAwMCwidXBkYXRlIjoxODAwMDAwMDAwMDAwfX0=",
          "dependencies": [
            "data.azurerm_resource_group.existing"
          ]
        }
      ]
    },
    {
      "mode": "managed",
      "type": "azurerm_subnet",
      "name": "az_sn",
      "provider": "provider[\"registry.terraform.io/hashicorp/azurerm\"]",
      "instances": [
        {
          "schema_version": 0,
          "attributes": {
            "address_prefixes": [
              "10.123.1.0/24"
            ],
            "delegation": [],
            "enforce_private_link_endpoint_network_policies": false,
            "enforce_private_link_service_network_policies": false,
            "id": "/subscriptions/41e50375-b926-4bc4-9045-348f359cf721/resourceGroups/iede_adu-rg/providers/Microsoft.Network/virtualNetworks/iede_adu-rg-vnet/subnets/iede_adu-rg-subnet",
            "name": "iede_adu-rg-subnet",
            "resource_group_name": "iede_adu-rg",
            "service_endpoint_policy_ids": null,
            "service_endpoints": null,
            "timeouts": null,
            "virtual_network_name": "iede_adu-rg-vnet"
          },
          "sensitive_attributes": [],
          "private": "eyJlMmJmYjczMC1lY2FhLTExZTYtOGY4OC0zNDM2M2JjN2M0YzAiOnsiY3JlYXRlIjoxODAwMDAwMDAwMDAwLCJkZWxldGUiOjE4MDAwMDAwMDAwMDAsInJlYWQiOjMwMDAwMDAwMDAwMCwidXBkYXRlIjoxODAwMDAwMDAwMDAwfX0=",
          "dependencies": [
            "azurerm_virtual_network.az_vn",
            "data.azurerm_resource_group.existing"
          ]
        }
      ]
    },
    {
      "mode": "managed",
      "type": "azurerm_subnet_network_security_group_association",
      "name": "az_sn",
      "provider": "provider[\"registry.terraform.io/hashicorp/azurerm\"]",
      "instances": [
        {
          "schema_version": 0,
          "attributes": {
            "id": "/subscriptions/41e50375-b926-4bc4-9045-348f359cf721/resourceGroups/iede_adu-rg/providers/Microsoft.Network/virtualNetworks/iede_adu-rg-vnet/subnets/iede_adu-rg-subnet",
            "network_security_group_id": "/subscriptions/41e50375-b926-4bc4-9045-348f359cf721/resourceGroups/iede_adu-rg/providers/Microsoft.Network/networkSecurityGroups/iede_adu-rg-security",
            "subnet_id": "/subscriptions/41e50375-b926-4bc4-9045-348f359cf721/resourceGroups/iede_adu-rg/providers/Microsoft.Network/virtualNetworks/iede_adu-rg-vnet/subnets/iede_adu-rg-subnet",
            "timeouts": null
          },
          "sensitive_attributes": [],
          "private": "eyJlMmJmYjczMC1lY2FhLTExZTYtOGY4OC0zNDM2M2JjN2M0YzAiOnsiY3JlYXRlIjoxODAwMDAwMDAwMDAwLCJkZWxldGUiOjE4MDAwMDAwMDAwMDAsInJlYWQiOjMwMDAwMDAwMDAwMCwidXBkYXRlIjoxODAwMDAwMDAwMDAwfX0=",
          "dependencies": [
            "azurerm_network_security_group.az_sg",
            "azurerm_subnet.az_sn",
            "azurerm_virtual_network.az_vn",
            "data.azurerm_resource_group.existing"
          ]
        }
      ]
    },
    {
      "mode": "managed",
      "type": "azurerm_virtual_network",
      "name": "az_vn",
      "provider": "provider[\"registry.terraform.io/hashicorp/azurerm\"]",
      "instances": [
        {
          "schema_version": 0,
          "attributes": {
            "address_space": [
              "10.123.0.0/16"
            ],
            "bgp_community": "",
            "ddos_protection_plan": [],
            "dns_servers": [],
            "edge_zone": "",
            "flow_timeout_in_minutes": 0,
            "guid": "5a2c90f6-1645-4db5-b0aa-b82085b471d6",
            "id": "/subscriptions/41e50375-b926-4bc4-9045-348f359cf721/resourceGroups/iede_adu-rg/providers/Microsoft.Network/virtualNetworks/iede_adu-rg-vnet",
            "location": "westeurope",
            "name": "iede_adu-rg-vnet",
            "resource_group_name": "iede_adu-rg",
            "subnet": [],
            "tags": {
              "Pillar": "Innovative Tech",
              "Role": "Futures",
              "Usage": "Training / Certification related activities"
            },
            "timeouts": null
          },
          "sensitive_attributes": [],
          "private": "eyJlMmJmYjczMC1lY2FhLTExZTYtOGY4OC0zNDM2M2JjN2M0YzAiOnsiY3JlYXRlIjoxODAwMDAwMDAwMDAwLCJkZWxldGUiOjE4MDAwMDAwMDAwMDAsInJlYWQiOjMwMDAwMDAwMDAwMCwidXBkYXRlIjoxODAwMDAwMDAwMDAwfX0=",
          "dependencies": [
            "data.azurerm_resource_group.existing"
          ]
        }
      ]
    }
  ],
  "check_results": null
}
